
Microsoft Visual Studio Solution File, Format Version 12.00
# Visual Studio Version 17
VisualStudioVersion = 17.5.002.0
MinimumVisualStudioVersion = 10.0.40219.1
Project("{2150E333-8FDC-42A3-9474-1A3956D46DE8}") = "sandbox", "sandbox", "{D47CA4CA-5DBC-4CEE-9909-58EF749E814E}"
EndProject
Project("{9A19103F-16F7-4668-BE54-9A1E7A4F7556}") = "sandbox_project", "sandbox\sandbox_project\sandbox_project.csproj", "{7D699AA9-A710-44F2-973C-3ED48A899359}"
EndProject
Project("{2150E333-8FDC-42A3-9474-1A3956D46DE8}") = "week01", "week01", "{EFFA008A-859F-4397-80A9-7192E8AC39C9}"
EndProject
Project("{9A19103F-16F7-4668-BE54-9A1E7A4F7556}") = "analyze", "week01\analyze\analyze.csproj", "{BE5C2A70-B08E-4270-8D0A-377CB0685407}"
EndProject
Project("{9A19103F-16F7-4668-BE54-9A1E7A4F7556}") = "code", "week01\code\code.csproj", "{B8B86C04-CA90-4BF2-AC48-D59CB4C094B8}"
EndProject
Project("{9A19103F-16F7-4668-BE54-9A1E7A4F7556}") = "teach", "week01\teach\teach.csproj", "{804C2E7B-36FE-42C7-8B93-CD7EA2DF7982}"
EndProject
Project("{2150E333-8FDC-42A3-9474-1A3956D46DE8}") = "week02", "week02", "{457CFEC9-204B-4927-B129-BDF2A237A655}"
EndProject
Project("{9A19103F-16F7-4668-BE54-9A1E7A4F7556}") = "analyze", "week02\analyze\analyze.csproj", "{EFF3B577-C45A-413D-B4CD-AC351070AFA7}"
EndProject
Project("{9A19103F-16F7-4668-BE54-9A1E7A4F7556}") = "code", "week02\code\code.csproj", "{6941A71D-0C67-48AA-B448-61978FEA74E1}"
EndProject
Project("{9A19103F-16F7-4668-BE54-9A1E7A4F7556}") = "learn", "week02\learn\learn.csproj", "{3565CEBE-C735-4844-82EE-AFD1F71050A7}"
EndProject
Project("{9A19103F-16F7-4668-BE54-9A1E7A4F7556}") = "teach", "week02\teach\teach.csproj", "{DD435A50-565A-4F23-8974-7095F4C63B12}"
EndProject
Project("{2150E333-8FDC-42A3-9474-1A3956D46DE8}") = "week03", "week03", "{EAB70A59-ECD6-48A2-866E-3852B74720CF}"
EndProject
Project("{9A19103F-16F7-4668-BE54-9A1E7A4F7556}") = "code", "week03\code\code.csproj", "{732883B5-BF2D-402B-B27C-A063EB5A58B4}"
EndProject
Project("{9A19103F-16F7-4668-BE54-9A1E7A4F7556}") = "learn", "week03\learn\learn.csproj", "{E62C57DA-244A-4885-B41A-5C11DA4D4CA2}"
EndProject
Project("{9A19103F-16F7-4668-BE54-9A1E7A4F7556}") = "teach", "week03\teach\teach.csproj", "{9354D5F2-D08E-4813-8EB2-C45670045C63}"
EndProject
Project("{2150E333-8FDC-42A3-9474-1A3956D46DE8}") = "week04", "week04", "{580FC01E-FA04-4DD9-95B1-790F1D2A5844}"
EndProject
Project("{9A19103F-16F7-4668-BE54-9A1E7A4F7556}") = "code", "week04\code\code.csproj", "{03092F7A-AF03-44A8-9DE1-BC747AE7A778}"
EndProject
Project("{2150E333-8FDC-42A3-9474-1A3956D46DE8}") = "week05", "week05", "{F766E6DD-4303-4493-ABBF-C86BB821E1F4}"
EndProject
Project("{9A19103F-16F7-4668-BE54-9A1E7A4F7556}") = "code", "week05\code\code.csproj", "{E66B92CB-5A2E-4386-B1DF-45E46E58C51F}"
EndProject
Project("{2150E333-8FDC-42A3-9474-1A3956D46DE8}") = "week06", "week06", "{D932B7C8-0A5A-49E9-830B-407D1414010B}"
EndProject
Project("{9A19103F-16F7-4668-BE54-9A1E7A4F7556}") = "code", "week06\code\code.csproj", "{14623247-C5F5-439C-82BD-F69779CF69E8}"
EndProject
Global
	GlobalSection(SolutionConfigurationPlatforms) = preSolution
		Debug|Any CPU = Debug|Any CPU
		Release|Any CPU = Release|Any CPU
	EndGlobalSection
	GlobalSection(ProjectConfigurationPlatforms) = postSolution
		{7D699AA9-A710-44F2-973C-3ED48A899359}.Debug|Any CPU.ActiveCfg = Debug|Any CPU
		{7D699AA9-A710-44F2-973C-3ED48A899359}.Debug|Any CPU.Build.0 = Debug|Any CPU
		{7D699AA9-A710-44F2-973C-3ED48A899359}.Release|Any CPU.ActiveCfg = Release|Any CPU
		{7D699AA9-A710-44F2-973C-3ED48A899359}.Release|Any CPU.Build.0 = Release|Any CPU
		{BE5C2A70-B08E-4270-8D0A-377CB0685407}.Debug|Any CPU.ActiveCfg = Debug|Any CPU
		{BE5C2A70-B08E-4270-8D0A-377CB0685407}.Debug|Any CPU.Build.0 = Debug|Any CPU
		{BE5C2A70-B08E-4270-8D0A-377CB0685407}.Release|Any CPU.ActiveCfg = Release|Any CPU
		{BE5C2A70-B08E-4270-8D0A-377CB0685407}.Release|Any CPU.Build.0 = Release|Any CPU
		{B8B86C04-CA90-4BF2-AC48-D59CB4C094B8}.Debug|Any CPU.ActiveCfg = Debug|Any CPU
		{B8B86C04-CA90-4BF2-AC48-D59CB4C094B8}.Debug|Any CPU.Build.0 = Debug|Any CPU
		{B8B86C04-CA90-4BF2-AC48-D59CB4C094B8}.Release|Any CPU.ActiveCfg = Release|Any CPU
		{B8B86C04-CA90-4BF2-AC48-D59CB4C094B8}.Release|Any CPU.Build.0 = Release|Any CPU
		{804C2E7B-36FE-42C7-8B93-CD7EA2DF7982}.Debug|Any CPU.ActiveCfg = Debug|Any CPU
		{804C2E7B-36FE-42C7-8B93-CD7EA2DF7982}.Debug|Any CPU.Build.0 = Debug|Any CPU
		{804C2E7B-36FE-42C7-8B93-CD7EA2DF7982}.Release|Any CPU.ActiveCfg = Release|Any CPU
		{804C2E7B-36FE-42C7-8B93-CD7EA2DF7982}.Release|Any CPU.Build.0 = Release|Any CPU
		{EFF3B577-C45A-413D-B4CD-AC351070AFA7}.Debug|Any CPU.ActiveCfg = Debug|Any CPU
		{EFF3B577-C45A-413D-B4CD-AC351070AFA7}.Debug|Any CPU.Build.0 = Debug|Any CPU
		{EFF3B577-C45A-413D-B4CD-AC351070AFA7}.Release|Any CPU.ActiveCfg = Release|Any CPU
		{EFF3B577-C45A-413D-B4CD-AC351070AFA7}.Release|Any CPU.Build.0 = Release|Any CPU
		{6941A71D-0C67-48AA-B448-61978FEA74E1}.Debug|Any CPU.ActiveCfg = Debug|Any CPU
		{6941A71D-0C67-48AA-B448-61978FEA74E1}.Debug|Any CPU.Build.0 = Debug|Any CPU
		{6941A71D-0C67-48AA-B448-61978FEA74E1}.Release|Any CPU.ActiveCfg = Release|Any CPU
		{6941A71D-0C67-48AA-B448-61978FEA74E1}.Release|Any CPU.Build.0 = Release|Any CPU
		{3565CEBE-C735-4844-82EE-AFD1F71050A7}.Debug|Any CPU.ActiveCfg = Debug|Any CPU
		{3565CEBE-C735-4844-82EE-AFD1F71050A7}.Debug|Any CPU.Build.0 = Debug|Any CPU
		{3565CEBE-C735-4844-82EE-AFD1F71050A7}.Release|Any CPU.ActiveCfg = Release|Any CPU
		{3565CEBE-C735-4844-82EE-AFD1F71050A7}.Release|Any CPU.Build.0 = Release|Any CPU
		{DD435A50-565A-4F23-8974-7095F4C63B12}.Debug|Any CPU.ActiveCfg = Debug|Any CPU
		{DD435A50-565A-4F23-8974-7095F4C63B12}.Debug|Any CPU.Build.0 = Debug|Any CPU
		{DD435A50-565A-4F23-8974-7095F4C63B12}.Release|Any CPU.ActiveCfg = Release|Any CPU
		{DD435A50-565A-4F23-8974-7095F4C63B12}.Release|Any CPU.Build.0 = Release|Any CPU
		{732883B5-BF2D-402B-B27C-A063EB5A58B4}.Debug|Any CPU.ActiveCfg = Debug|Any CPU
		{732883B5-BF2D-402B-B27C-A063EB5A58B4}.Debug|Any CPU.Build.0 = Debug|Any CPU
		{732883B5-BF2D-402B-B27C-A063EB5A58B4}.Release|Any CPU.ActiveCfg = Release|Any CPU
		{732883B5-BF2D-402B-B27C-A063EB5A58B4}.Release|Any CPU.Build.0 = Release|Any CPU
		{E62C57DA-244A-4885-B41A-5C11DA4D4CA2}.Debug|Any CPU.ActiveCfg = Debug|Any CPU
		{E62C57DA-244A-4885-B41A-5C11DA4D4CA2}.Debug|Any CPU.Build.0 = Debug|Any CPU
		{E62C57DA-244A-4885-B41A-5C11DA4D4CA2}.Release|Any CPU.ActiveCfg = Release|Any CPU
		{E62C57DA-244A-4885-B41A-5C11DA4D4CA2}.Release|Any CPU.Build.0 = Release|Any CPU
		{9354D5F2-D08E-4813-8EB2-C45670045C63}.Debug|Any CPU.ActiveCfg = Debug|Any CPU
		{9354D5F2-D08E-4813-8EB2-C45670045C63}.Debug|Any CPU.Build.0 = Debug|Any CPU
		{9354D5F2-D08E-4813-8EB2-C45670045C63}.Release|Any CPU.ActiveCfg = Release|Any CPU
		{9354D5F2-D08E-4813-8EB2-C45670045C63}.Release|Any CPU.Build.0 = Release|Any CPU
		{03092F7A-AF03-44A8-9DE1-BC747AE7A778}.Debug|Any CPU.ActiveCfg = Debug|Any CPU
		{03092F7A-AF03-44A8-9DE1-BC747AE7A778}.Debug|Any CPU.Build.0 = Debug|Any CPU
		{03092F7A-AF03-44A8-9DE1-BC747AE7A778}.Release|Any CPU.ActiveCfg = Release|Any CPU
		{03092F7A-AF03-44A8-9DE1-BC747AE7A778}.Release|Any CPU.Build.0 = Release|Any CPU
		{E66B92CB-5A2E-4386-B1DF-45E46E58C51F}.Debug|Any CPU.ActiveCfg = Debug|Any CPU
		{E66B92CB-5A2E-4386-B1DF-45E46E58C51F}.Debug|Any CPU.Build.0 = Debug|Any CPU
		{E66B92CB-5A2E-4386-B1DF-45E46E58C51F}.Release|Any CPU.ActiveCfg = Release|Any CPU
		{E66B92CB-5A2E-4386-B1DF-45E46E58C51F}.Release|Any CPU.Build.0 = Release|Any CPU
		{14623247-C5F5-439C-82BD-F69779CF69E8}.Debug|Any CPU.ActiveCfg = Debug|Any CPU
		{14623247-C5F5-439C-82BD-F69779CF69E8}.Debug|Any CPU.Build.0 = Debug|Any CPU
		{14623247-C5F5-439C-82BD-F69779CF69E8}.Release|Any CPU.ActiveCfg = Release|Any CPU
		{14623247-C5F5-439C-82BD-F69779CF69E8}.Release|Any CPU.Build.0 = Release|Any CPU
	EndGlobalSection
	GlobalSection(SolutionProperties) = preSolution
		HideSolutionNode = FALSE
	EndGlobalSection
	GlobalSection(NestedProjects) = preSolution
		{7D699AA9-A710-44F2-973C-3ED48A899359} = {D47CA4CA-5DBC-4CEE-9909-58EF749E814E}
		{BE5C2A70-B08E-4270-8D0A-377CB0685407} = {EFFA008A-859F-4397-80A9-7192E8AC39C9}
		{B8B86C04-CA90-4BF2-AC48-D59CB4C094B8} = {EFFA008A-859F-4397-80A9-7192E8AC39C9}
		{804C2E7B-36FE-42C7-8B93-CD7EA2DF7982} = {EFFA008A-859F-4397-80A9-7192E8AC39C9}
		{EFF3B577-C45A-413D-B4CD-AC351070AFA7} = {457CFEC9-204B-4927-B129-BDF2A237A655}
		{6941A71D-0C67-48AA-B448-61978FEA74E1} = {457CFEC9-204B-4927-B129-BDF2A237A655}
		{3565CEBE-C735-4844-82EE-AFD1F71050A7} = {457CFEC9-204B-4927-B129-BDF2A237A655}
		{DD435A50-565A-4F23-8974-7095F4C63B12} = {457CFEC9-204B-4927-B129-BDF2A237A655}
		{732883B5-BF2D-402B-B27C-A063EB5A58B4} = {EAB70A59-ECD6-48A2-866E-3852B74720CF}
		{E62C57DA-244A-4885-B41A-5C11DA4D4CA2} = {EAB70A59-ECD6-48A2-866E-3852B74720CF}
		{9354D5F2-D08E-4813-8EB2-C45670045C63} = {EAB70A59-ECD6-48A2-866E-3852B74720CF}
		{03092F7A-AF03-44A8-9DE1-BC747AE7A778} = {580FC01E-FA04-4DD9-95B1-790F1D2A5844}
		{E66B92CB-5A2E-4386-B1DF-45E46E58C51F} = {F766E6DD-4303-4493-ABBF-C86BB821E1F4}
		{14623247-C5F5-439C-82BD-F69779CF69E8} = {D932B7C8-0A5A-49E9-830B-407D1414010B}
	EndGlobalSection
	GlobalSection(ExtensibilityGlobals) = postSolution
		SolutionGuid = {A81CEB45-A71B-40C1-BA24-DC7AE4B6759D}
	EndGlobalSection
EndGlobal
